// !$*UTF8*$!
{
	archiveVersion = 1;
	classes = {
	};
	objectVersion = 48;
	objects = {

/* Begin PBXBuildFile section */
		0410DB162064420E00FB3F4F /* RealmGroupsSaver.swift in Sources */ = {isa = PBXBuildFile; fileRef = 0410DB152064420E00FB3F4F /* RealmGroupsSaver.swift */; };
		0410DB182064428600FB3F4F /* RealmUserSaver.swift in Sources */ = {isa = PBXBuildFile; fileRef = 0410DB172064428600FB3F4F /* RealmUserSaver.swift */; };
		0413B22D2082197E0045A40C /* GoogleService-Info.plist in Resources */ = {isa = PBXBuildFile; fileRef = 0413B22C2082197E0045A40C /* GoogleService-Info.plist */; };
		0416316420415E5000446639 /* MyFriendsViewCell.swift in Sources */ = {isa = PBXBuildFile; fileRef = 0416316320415E5000446639 /* MyFriendsViewCell.swift */; };
		0416316620415EDE00446639 /* MyFriendsTableVC.swift in Sources */ = {isa = PBXBuildFile; fileRef = 0416316520415EDE00446639 /* MyFriendsTableVC.swift */; };
		0416316820415F7F00446639 /* MyFriendCollectionVC.swift in Sources */ = {isa = PBXBuildFile; fileRef = 0416316720415F7F00446639 /* MyFriendCollectionVC.swift */; };
		0416316A20415FF600446639 /* MyFriendCollectionViewCell.swift in Sources */ = {isa = PBXBuildFile; fileRef = 0416316920415FF600446639 /* MyFriendCollectionViewCell.swift */; };
		0416316C2042016500446639 /* MyGroupsTableVC.swift in Sources */ = {isa = PBXBuildFile; fileRef = 0416316B2042016500446639 /* MyGroupsTableVC.swift */; };
		0416316E204201B800446639 /* MyGroupsViewCell.swift in Sources */ = {isa = PBXBuildFile; fileRef = 0416316D204201B800446639 /* MyGroupsViewCell.swift */; };
		04163170204202F100446639 /* AllGroupsTableVC.swift in Sources */ = {isa = PBXBuildFile; fileRef = 0416316F204202F100446639 /* AllGroupsTableVC.swift */; };
		04163175204203E400446639 /* AllGroupsViewCell.swift in Sources */ = {isa = PBXBuildFile; fileRef = 04163174204203E400446639 /* AllGroupsViewCell.swift */; };
		041631772042109300446639 /* Helpers.swift in Sources */ = {isa = PBXBuildFile; fileRef = 041631762042109300446639 /* Helpers.swift */; };
		0416317A2042133500446639 /* SettingsTableVC.swift in Sources */ = {isa = PBXBuildFile; fileRef = 041631792042133500446639 /* SettingsTableVC.swift */; };
		0416317C204213AA00446639 /* SettingsViewCell.swift in Sources */ = {isa = PBXBuildFile; fileRef = 0416317B204213AA00446639 /* SettingsViewCell.swift */; };
		0445CD6C2052656900D48551 /* LogOutRequest.swift in Sources */ = {isa = PBXBuildFile; fileRef = 0445CD6B2052656900D48551 /* LogOutRequest.swift */; };
		04560A962088ABD500AC9074 /* MessageAttachmentsModel.swift in Sources */ = {isa = PBXBuildFile; fileRef = 04560A952088ABD500AC9074 /* MessageAttachmentsModel.swift */; };
		0462E5E32067968E00E0038C /* NewsModel.swift in Sources */ = {isa = PBXBuildFile; fileRef = 0462E5E22067968E00E0038C /* NewsModel.swift */; };
		0462E5E5206796CD00E0038C /* DialogModel.swift in Sources */ = {isa = PBXBuildFile; fileRef = 0462E5E4206796CD00E0038C /* DialogModel.swift */; };
		0462E5E7206796FB00E0038C /* NewsRequests.swift in Sources */ = {isa = PBXBuildFile; fileRef = 0462E5E6206796FB00E0038C /* NewsRequests.swift */; };
		0462E5E92067973100E0038C /* DialogsRequests.swift in Sources */ = {isa = PBXBuildFile; fileRef = 0462E5E82067973100E0038C /* DialogsRequests.swift */; };
		0462E5EB2067975F00E0038C /* RealmNewsSaver.swift in Sources */ = {isa = PBXBuildFile; fileRef = 0462E5EA2067975F00E0038C /* RealmNewsSaver.swift */; };
		0462E5ED20679A1300E0038C /* DialogsTableVC.swift in Sources */ = {isa = PBXBuildFile; fileRef = 0462E5EC20679A1300E0038C /* DialogsTableVC.swift */; };
		0462E5EF20679ABF00E0038C /* DialogsViewCell.swift in Sources */ = {isa = PBXBuildFile; fileRef = 0462E5EE20679ABF00E0038C /* DialogsViewCell.swift */; };
		0462E5F12067ADC900E0038C /* MessagesTableVC.swift in Sources */ = {isa = PBXBuildFile; fileRef = 0462E5F02067ADC900E0038C /* MessagesTableVC.swift */; };
		0465C99C20A85F4500F9BB51 /* NewPostVC.swift in Sources */ = {isa = PBXBuildFile; fileRef = 0465C99B20A85F4500F9BB51 /* NewPostVC.swift */; };
		0465C9A220A89E0700F9BB51 /* MapVC.swift in Sources */ = {isa = PBXBuildFile; fileRef = 0465C9A120A89E0700F9BB51 /* MapVC.swift */; };
		046DE624205D967200FEF668 /* UserModel.swift in Sources */ = {isa = PBXBuildFile; fileRef = 046DE623205D967200FEF668 /* UserModel.swift */; };
		0473634E2073C7B600873B09 /* GetCashedImageOperation.swift in Sources */ = {isa = PBXBuildFile; fileRef = 0473634D2073C7B600873B09 /* GetCashedImageOperation.swift */; };
		0473636220775D8000873B09 /* TableCellReloading.swift in Sources */ = {isa = PBXBuildFile; fileRef = 0473636120775D8000873B09 /* TableCellReloading.swift */; };
		047363642077625000873B09 /* CollectionCellReloading.swift in Sources */ = {isa = PBXBuildFile; fileRef = 047363632077625000873B09 /* CollectionCellReloading.swift */; };
		048714D62066BCB5003405B4 /* NewsTableVC.swift in Sources */ = {isa = PBXBuildFile; fileRef = 048714D52066BCB5003405B4 /* NewsTableVC.swift */; };
		048714DA2066CF8C003405B4 /* ExtUIImage.swift in Sources */ = {isa = PBXBuildFile; fileRef = 048714D92066CF8C003405B4 /* ExtUIImage.swift */; };
		04886BD42063AFB300236E08 /* RealmDeleter.swift in Sources */ = {isa = PBXBuildFile; fileRef = 04886BD32063AFB300236E08 /* RealmDeleter.swift */; };
		0490992020580A05009C784A /* FriendsRequests.swift in Sources */ = {isa = PBXBuildFile; fileRef = 0490991F20580A05009C784A /* FriendsRequests.swift */; };
		049CEBA32051AF28007ED7C2 /* FriendModel.swift in Sources */ = {isa = PBXBuildFile; fileRef = 049CEBA22051AF28007ED7C2 /* FriendModel.swift */; };
		049CEBA52051D558007ED7C2 /* PhotosModel.swift in Sources */ = {isa = PBXBuildFile; fileRef = 049CEBA42051D558007ED7C2 /* PhotosModel.swift */; };
		049CEBA72051E3D5007ED7C2 /* GroupModel.swift in Sources */ = {isa = PBXBuildFile; fileRef = 049CEBA62051E3D5007ED7C2 /* GroupModel.swift */; };
		04A360C2207CCAAA00684090 /* NewsViewCell.swift in Sources */ = {isa = PBXBuildFile; fileRef = 04A360C0207CCAAA00684090 /* NewsViewCell.swift */; };
		04A360C3207CCAAA00684090 /* NewsViewCell.xib in Resources */ = {isa = PBXBuildFile; fileRef = 04A360C1207CCAAA00684090 /* NewsViewCell.xib */; };
		04A360C7207F44E500684090 /* Layers.swift in Sources */ = {isa = PBXBuildFile; fileRef = 04A360C6207F44E500684090 /* Layers.swift */; };
		04A360D6207F731700684090 /* IncomingMsgViewCell.swift in Sources */ = {isa = PBXBuildFile; fileRef = 04A360D4207F731700684090 /* IncomingMsgViewCell.swift */; };
		04A360DC207F7A1000684090 /* Protocols.swift in Sources */ = {isa = PBXBuildFile; fileRef = 04A360DB207F7A1000684090 /* Protocols.swift */; };
		04CEE5CF2068383A00300107 /* Assets.xcassets in Resources */ = {isa = PBXBuildFile; fileRef = 04CEE5CE2068383900300107 /* Assets.xcassets */; };
		04CEE5D120692AA600300107 /* OutcomingMsgViewCell.swift in Sources */ = {isa = PBXBuildFile; fileRef = 04CEE5D020692AA600300107 /* OutcomingMsgViewCell.swift */; };
		04CEE5D5206AD18100300107 /* NewsAttachmentsModel.swift in Sources */ = {isa = PBXBuildFile; fileRef = 04CEE5D4206AD18100300107 /* NewsAttachmentsModel.swift */; };
		04CEE5D7206AE96A00300107 /* RealmNewsAttachSaver.swift in Sources */ = {isa = PBXBuildFile; fileRef = 04CEE5D6206AE96A00300107 /* RealmNewsAttachSaver.swift */; };
		04CEE5D9206BF56D00300107 /* RealmDialogsSaver.swift in Sources */ = {isa = PBXBuildFile; fileRef = 04CEE5D8206BF56D00300107 /* RealmDialogsSaver.swift */; };
		04D19B2D2060F1C700E1CADE /* RealmFriendsSaver.swift in Sources */ = {isa = PBXBuildFile; fileRef = 04D19B2C2060F1C700E1CADE /* RealmFriendsSaver.swift */; };
		04D19B2F2060FC9B00E1CADE /* RealmLoader.swift in Sources */ = {isa = PBXBuildFile; fileRef = 04D19B2E2060FC9B00E1CADE /* RealmLoader.swift */; };
		04D21945204A8DF3001E5B26 /* AuthorizationRequest.swift in Sources */ = {isa = PBXBuildFile; fileRef = 04D21944204A8DF3001E5B26 /* AuthorizationRequest.swift */; };
		04D21947204AA716001E5B26 /* LoginWebVC.swift in Sources */ = {isa = PBXBuildFile; fileRef = 04D21946204AA716001E5B26 /* LoginWebVC.swift */; };
		04D2194B204B0AF6001E5B26 /* GroupsRequests.swift in Sources */ = {isa = PBXBuildFile; fileRef = 04D2194A204B0AF6001E5B26 /* GroupsRequests.swift */; };
		04D37E6B20381B1100F958AF /* AppDelegate.swift in Sources */ = {isa = PBXBuildFile; fileRef = 04D37E6A20381B1100F958AF /* AppDelegate.swift */; };
		04D37E7020381B1100F958AF /* Main.storyboard in Resources */ = {isa = PBXBuildFile; fileRef = 04D37E6E20381B1100F958AF /* Main.storyboard */; };
		04D37E7D2038445C00F958AF /* LoginVC.swift in Sources */ = {isa = PBXBuildFile; fileRef = 04D37E7C2038445C00F958AF /* LoginVC.swift */; };
		04EA44B6203C2F5E00074ACA /* Launch.storyboard in Resources */ = {isa = PBXBuildFile; fileRef = 04EA44B5203C2F5E00074ACA /* Launch.storyboard */; };
		04EB90B5206E891D001D95E6 /* UserRequests.swift in Sources */ = {isa = PBXBuildFile; fileRef = 04EB90B4206E891D001D95E6 /* UserRequests.swift */; };
		04EB90B7206EB103001D95E6 /* RealmRequests.swift in Sources */ = {isa = PBXBuildFile; fileRef = 04EB90B6206EB103001D95E6 /* RealmRequests.swift */; };
		04EB90B9207131E1001D95E6 /* ExtFormatter.swift in Sources */ = {isa = PBXBuildFile; fileRef = 04EB90B8207131E1001D95E6 /* ExtFormatter.swift */; };
		04EB90BB20713252001D95E6 /* ExtInt.swift in Sources */ = {isa = PBXBuildFile; fileRef = 04EB90BA20713252001D95E6 /* ExtInt.swift */; };
		04EB90BD207139C2001D95E6 /* ExtDate.swift in Sources */ = {isa = PBXBuildFile; fileRef = 04EB90BC207139C2001D95E6 /* ExtDate.swift */; };
		04EB90BF20714A42001D95E6 /* MessageModel.swift in Sources */ = {isa = PBXBuildFile; fileRef = 04EB90BE20714A42001D95E6 /* MessageModel.swift */; };
		BC3D90955834458BC2944F04 /* Pods_myVKApp.framework in Frameworks */ = {isa = PBXBuildFile; fileRef = 5FCF50A99A46AFA8D4241B66 /* Pods_myVKApp.framework */; };
/* End PBXBuildFile section */

/* Begin PBXFileReference section */
		0410DB152064420E00FB3F4F /* RealmGroupsSaver.swift */ = {isa = PBXFileReference; lastKnownFileType = sourcecode.swift; path = RealmGroupsSaver.swift; sourceTree = "<group>"; };
		0410DB172064428600FB3F4F /* RealmUserSaver.swift */ = {isa = PBXFileReference; lastKnownFileType = sourcecode.swift; path = RealmUserSaver.swift; sourceTree = "<group>"; };
		0413B22C2082197E0045A40C /* GoogleService-Info.plist */ = {isa = PBXFileReference; fileEncoding = 4; lastKnownFileType = text.plist.xml; path = "GoogleService-Info.plist"; sourceTree = "<group>"; };
		0416316320415E5000446639 /* MyFriendsViewCell.swift */ = {isa = PBXFileReference; lastKnownFileType = sourcecode.swift; path = MyFriendsViewCell.swift; sourceTree = "<group>"; };
		0416316520415EDE00446639 /* MyFriendsTableVC.swift */ = {isa = PBXFileReference; lastKnownFileType = sourcecode.swift; path = MyFriendsTableVC.swift; sourceTree = "<group>"; };
		0416316720415F7F00446639 /* MyFriendCollectionVC.swift */ = {isa = PBXFileReference; lastKnownFileType = sourcecode.swift; path = MyFriendCollectionVC.swift; sourceTree = "<group>"; };
		0416316920415FF600446639 /* MyFriendCollectionViewCell.swift */ = {isa = PBXFileReference; lastKnownFileType = sourcecode.swift; path = MyFriendCollectionViewCell.swift; sourceTree = "<group>"; };
		0416316B2042016500446639 /* MyGroupsTableVC.swift */ = {isa = PBXFileReference; lastKnownFileType = sourcecode.swift; path = MyGroupsTableVC.swift; sourceTree = "<group>"; };
		0416316D204201B800446639 /* MyGroupsViewCell.swift */ = {isa = PBXFileReference; lastKnownFileType = sourcecode.swift; path = MyGroupsViewCell.swift; sourceTree = "<group>"; };
		0416316F204202F100446639 /* AllGroupsTableVC.swift */ = {isa = PBXFileReference; lastKnownFileType = sourcecode.swift; path = AllGroupsTableVC.swift; sourceTree = "<group>"; };
		04163174204203E400446639 /* AllGroupsViewCell.swift */ = {isa = PBXFileReference; lastKnownFileType = sourcecode.swift; path = AllGroupsViewCell.swift; sourceTree = "<group>"; };
		041631762042109300446639 /* Helpers.swift */ = {isa = PBXFileReference; lastKnownFileType = sourcecode.swift; path = Helpers.swift; sourceTree = "<group>"; };
		041631792042133500446639 /* SettingsTableVC.swift */ = {isa = PBXFileReference; lastKnownFileType = sourcecode.swift; path = SettingsTableVC.swift; sourceTree = "<group>"; };
		0416317B204213AA00446639 /* SettingsViewCell.swift */ = {isa = PBXFileReference; lastKnownFileType = sourcecode.swift; path = SettingsViewCell.swift; sourceTree = "<group>"; };
		0445CD6B2052656900D48551 /* LogOutRequest.swift */ = {isa = PBXFileReference; lastKnownFileType = sourcecode.swift; path = LogOutRequest.swift; sourceTree = "<group>"; };
		04560A952088ABD500AC9074 /* MessageAttachmentsModel.swift */ = {isa = PBXFileReference; lastKnownFileType = sourcecode.swift; path = MessageAttachmentsModel.swift; sourceTree = "<group>"; };
		0462E5E22067968E00E0038C /* NewsModel.swift */ = {isa = PBXFileReference; lastKnownFileType = sourcecode.swift; path = NewsModel.swift; sourceTree = "<group>"; };
		0462E5E4206796CD00E0038C /* DialogModel.swift */ = {isa = PBXFileReference; lastKnownFileType = sourcecode.swift; path = DialogModel.swift; sourceTree = "<group>"; };
		0462E5E6206796FB00E0038C /* NewsRequests.swift */ = {isa = PBXFileReference; lastKnownFileType = sourcecode.swift; path = NewsRequests.swift; sourceTree = "<group>"; };
		0462E5E82067973100E0038C /* DialogsRequests.swift */ = {isa = PBXFileReference; lastKnownFileType = sourcecode.swift; path = DialogsRequests.swift; sourceTree = "<group>"; };
		0462E5EA2067975F00E0038C /* RealmNewsSaver.swift */ = {isa = PBXFileReference; lastKnownFileType = sourcecode.swift; path = RealmNewsSaver.swift; sourceTree = "<group>"; };
		0462E5EC20679A1300E0038C /* DialogsTableVC.swift */ = {isa = PBXFileReference; lastKnownFileType = sourcecode.swift; path = DialogsTableVC.swift; sourceTree = "<group>"; };
		0462E5EE20679ABF00E0038C /* DialogsViewCell.swift */ = {isa = PBXFileReference; lastKnownFileType = sourcecode.swift; path = DialogsViewCell.swift; sourceTree = "<group>"; };
		0462E5F02067ADC900E0038C /* MessagesTableVC.swift */ = {isa = PBXFileReference; lastKnownFileType = sourcecode.swift; path = MessagesTableVC.swift; sourceTree = "<group>"; };
		0465C99B20A85F4500F9BB51 /* NewPostVC.swift */ = {isa = PBXFileReference; lastKnownFileType = sourcecode.swift; path = NewPostVC.swift; sourceTree = "<group>"; };
		0465C9A120A89E0700F9BB51 /* MapVC.swift */ = {isa = PBXFileReference; lastKnownFileType = sourcecode.swift; path = MapVC.swift; sourceTree = "<group>"; };
		046DE623205D967200FEF668 /* UserModel.swift */ = {isa = PBXFileReference; lastKnownFileType = sourcecode.swift; path = UserModel.swift; sourceTree = "<group>"; };
		0473634D2073C7B600873B09 /* GetCashedImageOperation.swift */ = {isa = PBXFileReference; lastKnownFileType = sourcecode.swift; path = GetCashedImageOperation.swift; sourceTree = "<group>"; };
		0473636120775D8000873B09 /* TableCellReloading.swift */ = {isa = PBXFileReference; lastKnownFileType = sourcecode.swift; path = TableCellReloading.swift; sourceTree = "<group>"; };
		047363632077625000873B09 /* CollectionCellReloading.swift */ = {isa = PBXFileReference; lastKnownFileType = sourcecode.swift; path = CollectionCellReloading.swift; sourceTree = "<group>"; };
		048714D52066BCB5003405B4 /* NewsTableVC.swift */ = {isa = PBXFileReference; lastKnownFileType = sourcecode.swift; path = NewsTableVC.swift; sourceTree = "<group>"; };
		048714D92066CF8C003405B4 /* ExtUIImage.swift */ = {isa = PBXFileReference; lastKnownFileType = sourcecode.swift; path = ExtUIImage.swift; sourceTree = "<group>"; };
		04886BD32063AFB300236E08 /* RealmDeleter.swift */ = {isa = PBXFileReference; lastKnownFileType = sourcecode.swift; path = RealmDeleter.swift; sourceTree = "<group>"; };
		0490991F20580A05009C784A /* FriendsRequests.swift */ = {isa = PBXFileReference; lastKnownFileType = sourcecode.swift; path = FriendsRequests.swift; sourceTree = "<group>"; };
		049CEBA22051AF28007ED7C2 /* FriendModel.swift */ = {isa = PBXFileReference; lastKnownFileType = sourcecode.swift; path = FriendModel.swift; sourceTree = "<group>"; };
		049CEBA42051D558007ED7C2 /* PhotosModel.swift */ = {isa = PBXFileReference; lastKnownFileType = sourcecode.swift; path = PhotosModel.swift; sourceTree = "<group>"; };
		049CEBA62051E3D5007ED7C2 /* GroupModel.swift */ = {isa = PBXFileReference; lastKnownFileType = sourcecode.swift; path = GroupModel.swift; sourceTree = "<group>"; };
		04A360C0207CCAAA00684090 /* NewsViewCell.swift */ = {isa = PBXFileReference; lastKnownFileType = sourcecode.swift; path = NewsViewCell.swift; sourceTree = "<group>"; };
		04A360C1207CCAAA00684090 /* NewsViewCell.xib */ = {isa = PBXFileReference; lastKnownFileType = file.xib; path = NewsViewCell.xib; sourceTree = "<group>"; };
		04A360C6207F44E500684090 /* Layers.swift */ = {isa = PBXFileReference; lastKnownFileType = sourcecode.swift; path = Layers.swift; sourceTree = "<group>"; };
		04A360D4207F731700684090 /* IncomingMsgViewCell.swift */ = {isa = PBXFileReference; lastKnownFileType = sourcecode.swift; path = IncomingMsgViewCell.swift; sourceTree = "<group>"; };
		04A360DB207F7A1000684090 /* Protocols.swift */ = {isa = PBXFileReference; lastKnownFileType = sourcecode.swift; path = Protocols.swift; sourceTree = "<group>"; };
		04CEE5CE2068383900300107 /* Assets.xcassets */ = {isa = PBXFileReference; lastKnownFileType = folder.assetcatalog; path = Assets.xcassets; sourceTree = "<group>"; };
		04CEE5D020692AA600300107 /* OutcomingMsgViewCell.swift */ = {isa = PBXFileReference; lastKnownFileType = sourcecode.swift; path = OutcomingMsgViewCell.swift; sourceTree = "<group>"; };
		04CEE5D4206AD18100300107 /* NewsAttachmentsModel.swift */ = {isa = PBXFileReference; lastKnownFileType = sourcecode.swift; path = NewsAttachmentsModel.swift; sourceTree = "<group>"; };
		04CEE5D6206AE96A00300107 /* RealmNewsAttachSaver.swift */ = {isa = PBXFileReference; lastKnownFileType = sourcecode.swift; path = RealmNewsAttachSaver.swift; sourceTree = "<group>"; };
		04CEE5D8206BF56D00300107 /* RealmDialogsSaver.swift */ = {isa = PBXFileReference; lastKnownFileType = sourcecode.swift; path = RealmDialogsSaver.swift; sourceTree = "<group>"; };
		04D19B2C2060F1C700E1CADE /* RealmFriendsSaver.swift */ = {isa = PBXFileReference; lastKnownFileType = sourcecode.swift; path = RealmFriendsSaver.swift; sourceTree = "<group>"; };
		04D19B2E2060FC9B00E1CADE /* RealmLoader.swift */ = {isa = PBXFileReference; lastKnownFileType = sourcecode.swift; path = RealmLoader.swift; sourceTree = "<group>"; };
		04D21944204A8DF3001E5B26 /* AuthorizationRequest.swift */ = {isa = PBXFileReference; lastKnownFileType = sourcecode.swift; path = AuthorizationRequest.swift; sourceTree = "<group>"; };
		04D21946204AA716001E5B26 /* LoginWebVC.swift */ = {isa = PBXFileReference; lastKnownFileType = sourcecode.swift; path = LoginWebVC.swift; sourceTree = "<group>"; };
		04D2194A204B0AF6001E5B26 /* GroupsRequests.swift */ = {isa = PBXFileReference; fileEncoding = 4; lastKnownFileType = sourcecode.swift; path = GroupsRequests.swift; sourceTree = "<group>"; };
		04D37E6720381B1100F958AF /* myVKApp.app */ = {isa = PBXFileReference; explicitFileType = wrapper.application; includeInIndex = 0; path = myVKApp.app; sourceTree = BUILT_PRODUCTS_DIR; };
		04D37E6A20381B1100F958AF /* AppDelegate.swift */ = {isa = PBXFileReference; lastKnownFileType = sourcecode.swift; path = AppDelegate.swift; sourceTree = "<group>"; };
		04D37E6F20381B1100F958AF /* Base */ = {isa = PBXFileReference; lastKnownFileType = file.storyboard; name = Base; path = Base.lproj/Main.storyboard; sourceTree = "<group>"; };
		04D37E7620381B1100F958AF /* Info.plist */ = {isa = PBXFileReference; lastKnownFileType = text.plist.xml; path = Info.plist; sourceTree = "<group>"; };
		04D37E7C2038445C00F958AF /* LoginVC.swift */ = {isa = PBXFileReference; lastKnownFileType = sourcecode.swift; path = LoginVC.swift; sourceTree = "<group>"; };
		04EA44B5203C2F5E00074ACA /* Launch.storyboard */ = {isa = PBXFileReference; lastKnownFileType = file.storyboard; path = Launch.storyboard; sourceTree = "<group>"; };
		04EB90B4206E891D001D95E6 /* UserRequests.swift */ = {isa = PBXFileReference; lastKnownFileType = sourcecode.swift; path = UserRequests.swift; sourceTree = "<group>"; };
		04EB90B6206EB103001D95E6 /* RealmRequests.swift */ = {isa = PBXFileReference; lastKnownFileType = sourcecode.swift; path = RealmRequests.swift; sourceTree = "<group>"; };
		04EB90B8207131E1001D95E6 /* ExtFormatter.swift */ = {isa = PBXFileReference; lastKnownFileType = sourcecode.swift; path = ExtFormatter.swift; sourceTree = "<group>"; };
		04EB90BA20713252001D95E6 /* ExtInt.swift */ = {isa = PBXFileReference; lastKnownFileType = sourcecode.swift; path = ExtInt.swift; sourceTree = "<group>"; };
		04EB90BC207139C2001D95E6 /* ExtDate.swift */ = {isa = PBXFileReference; lastKnownFileType = sourcecode.swift; path = ExtDate.swift; sourceTree = "<group>"; };
		04EB90BE20714A42001D95E6 /* MessageModel.swift */ = {isa = PBXFileReference; lastKnownFileType = sourcecode.swift; path = MessageModel.swift; sourceTree = "<group>"; };
		40B8995E02CBB95866C66069 /* Pods-myVKApp.release.xcconfig */ = {isa = PBXFileReference; includeInIndex = 1; lastKnownFileType = text.xcconfig; name = "Pods-myVKApp.release.xcconfig"; path = "Pods/Target Support Files/Pods-myVKApp/Pods-myVKApp.release.xcconfig"; sourceTree = "<group>"; };
		5FCF50A99A46AFA8D4241B66 /* Pods_myVKApp.framework */ = {isa = PBXFileReference; explicitFileType = wrapper.framework; includeInIndex = 0; path = Pods_myVKApp.framework; sourceTree = BUILT_PRODUCTS_DIR; };
		6485FB65E5A254A576B87BAF /* Pods-myVKApp.debug.xcconfig */ = {isa = PBXFileReference; includeInIndex = 1; lastKnownFileType = text.xcconfig; name = "Pods-myVKApp.debug.xcconfig"; path = "Pods/Target Support Files/Pods-myVKApp/Pods-myVKApp.debug.xcconfig"; sourceTree = "<group>"; };
/* End PBXFileReference section */

/* Begin PBXFrameworksBuildPhase section */
		04D37E6420381B1100F958AF /* Frameworks */ = {
			isa = PBXFrameworksBuildPhase;
			buildActionMask = 2147483647;
			files = (
				BC3D90955834458BC2944F04 /* Pods_myVKApp.framework in Frameworks */,
			);
			runOnlyForDeploymentPostprocessing = 0;
		};
/* End PBXFrameworksBuildPhase section */

/* Begin PBXGroup section */
		040A2C932063C482004A43D0 /* Exnensions */ = {
			isa = PBXGroup;
			children = (
				04EB90B8207131E1001D95E6 /* ExtFormatter.swift */,
				048714D92066CF8C003405B4 /* ExtUIImage.swift */,
				04EB90BA20713252001D95E6 /* ExtInt.swift */,
				04EB90BC207139C2001D95E6 /* ExtDate.swift */,
			);
			path = Exnensions;
			sourceTree = "<group>";
		};
		0473634C2073C74800873B09 /* Operations */ = {
			isa = PBXGroup;
			children = (
				0473634D2073C7B600873B09 /* GetCashedImageOperation.swift */,
				0473636120775D8000873B09 /* TableCellReloading.swift */,
				047363632077625000873B09 /* CollectionCellReloading.swift */,
			);
			path = Operations;
			sourceTree = "<group>";
		};
		0490991D2056F4D7009C784A /* Models */ = {
			isa = PBXGroup;
			children = (
				046DE623205D967200FEF668 /* UserModel.swift */,
				049CEBA22051AF28007ED7C2 /* FriendModel.swift */,
				049CEBA42051D558007ED7C2 /* PhotosModel.swift */,
				049CEBA62051E3D5007ED7C2 /* GroupModel.swift */,
				0462E5E22067968E00E0038C /* NewsModel.swift */,
				04CEE5D4206AD18100300107 /* NewsAttachmentsModel.swift */,
				0462E5E4206796CD00E0038C /* DialogModel.swift */,
				04EB90BE20714A42001D95E6 /* MessageModel.swift */,
				04560A952088ABD500AC9074 /* MessageAttachmentsModel.swift */,
			);
			path = Models;
			sourceTree = "<group>";
		};
		04A360C4207CD2B800684090 /* Interface */ = {
			isa = PBXGroup;
			children = (
				04EA44B5203C2F5E00074ACA /* Launch.storyboard */,
				04D37E6E20381B1100F958AF /* Main.storyboard */,
				04A360C1207CCAAA00684090 /* NewsViewCell.xib */,
			);
			path = Interface;
			sourceTree = "<group>";
		};
		04A360C5207F446500684090 /* Layers */ = {
			isa = PBXGroup;
			children = (
				04A360C6207F44E500684090 /* Layers.swift */,
			);
			path = Layers;
			sourceTree = "<group>";
		};
		04A360DA207F79CA00684090 /* Protocols */ = {
			isa = PBXGroup;
			children = (
				04A360DB207F7A1000684090 /* Protocols.swift */,
			);
			path = Protocols;
			sourceTree = "<group>";
		};
		04D19B2A2060F17400E1CADE /* RealmRequests */ = {
			isa = PBXGroup;
			children = (
				0410DB172064428600FB3F4F /* RealmUserSaver.swift */,
				04D19B2C2060F1C700E1CADE /* RealmFriendsSaver.swift */,
				0410DB152064420E00FB3F4F /* RealmGroupsSaver.swift */,
				0462E5EA2067975F00E0038C /* RealmNewsSaver.swift */,
				04CEE5D6206AE96A00300107 /* RealmNewsAttachSaver.swift */,
				04CEE5D8206BF56D00300107 /* RealmDialogsSaver.swift */,
				04D19B2E2060FC9B00E1CADE /* RealmLoader.swift */,
				04886BD32063AFB300236E08 /* RealmDeleter.swift */,
				04EB90B6206EB103001D95E6 /* RealmRequests.swift */,
			);
			path = RealmRequests;
			sourceTree = "<group>";
		};
		04D19B2B2060F18000E1CADE /* ApiRequests */ = {
			isa = PBXGroup;
			children = (
				04D21944204A8DF3001E5B26 /* AuthorizationRequest.swift */,
				04EB90B4206E891D001D95E6 /* UserRequests.swift */,
				0490991F20580A05009C784A /* FriendsRequests.swift */,
				04D2194A204B0AF6001E5B26 /* GroupsRequests.swift */,
				0462E5E6206796FB00E0038C /* NewsRequests.swift */,
				0462E5E82067973100E0038C /* DialogsRequests.swift */,
				0445CD6B2052656900D48551 /* LogOutRequest.swift */,
			);
			path = ApiRequests;
			sourceTree = "<group>";
		};
		04D2193B20486CEB001E5B26 /* ViewControllers */ = {
			isa = PBXGroup;
			children = (
				04D37E7C2038445C00F958AF /* LoginVC.swift */,
				04D21946204AA716001E5B26 /* LoginWebVC.swift */,
				0416316520415EDE00446639 /* MyFriendsTableVC.swift */,
				0416316720415F7F00446639 /* MyFriendCollectionVC.swift */,
				0416316B2042016500446639 /* MyGroupsTableVC.swift */,
				0416316F204202F100446639 /* AllGroupsTableVC.swift */,
				048714D52066BCB5003405B4 /* NewsTableVC.swift */,
				0465C99B20A85F4500F9BB51 /* NewPostVC.swift */,
				0465C9A120A89E0700F9BB51 /* MapVC.swift */,
				0462E5EC20679A1300E0038C /* DialogsTableVC.swift */,
				0462E5F02067ADC900E0038C /* MessagesTableVC.swift */,
				041631792042133500446639 /* SettingsTableVC.swift */,
			);
			path = ViewControllers;
			sourceTree = "<group>";
		};
		04D2193C20486D0B001E5B26 /* Cells */ = {
			isa = PBXGroup;
			children = (
				0416316320415E5000446639 /* MyFriendsViewCell.swift */,
				0416316920415FF600446639 /* MyFriendCollectionViewCell.swift */,
				0416316D204201B800446639 /* MyGroupsViewCell.swift */,
				04163174204203E400446639 /* AllGroupsViewCell.swift */,
				04A360C0207CCAAA00684090 /* NewsViewCell.swift */,
				0462E5EE20679ABF00E0038C /* DialogsViewCell.swift */,
				04A360D4207F731700684090 /* IncomingMsgViewCell.swift */,
				04CEE5D020692AA600300107 /* OutcomingMsgViewCell.swift */,
				0416317B204213AA00446639 /* SettingsViewCell.swift */,
			);
			path = Cells;
			sourceTree = "<group>";
		};
		04D2193D20486D16001E5B26 /* Services */ = {
			isa = PBXGroup;
			children = (
				041631762042109300446639 /* Helpers.swift */,
				04D19B2B2060F18000E1CADE /* ApiRequests */,
				04D19B2A2060F17400E1CADE /* RealmRequests */,
				0473634C2073C74800873B09 /* Operations */,
				04A360C5207F446500684090 /* Layers */,
			);
			path = Services;
			sourceTree = "<group>";
		};
		04D37E5E20381B1100F958AF = {
			isa = PBXGroup;
			children = (
				04D37E6920381B1100F958AF /* myVKApp */,
				04D37E6820381B1100F958AF /* Products */,
				AF784B111E619CCF9EC40420 /* Pods */,
				3D1AEF9DC0E1D6283BDDC5DD /* Frameworks */,
			);
			sourceTree = "<group>";
		};
		04D37E6820381B1100F958AF /* Products */ = {
			isa = PBXGroup;
			children = (
				04D37E6720381B1100F958AF /* myVKApp.app */,
			);
			name = Products;
			sourceTree = "<group>";
		};
		04D37E6920381B1100F958AF /* myVKApp */ = {
			isa = PBXGroup;
			children = (
				04D37E6A20381B1100F958AF /* AppDelegate.swift */,
				04A360C4207CD2B800684090 /* Interface */,
				0490991D2056F4D7009C784A /* Models */,
				04D2193D20486D16001E5B26 /* Services */,
				04D2193B20486CEB001E5B26 /* ViewControllers */,
				04D2193C20486D0B001E5B26 /* Cells */,
				040A2C932063C482004A43D0 /* Exnensions */,
				04A360DA207F79CA00684090 /* Protocols */,
				04D37E7620381B1100F958AF /* Info.plist */,
				0413B22C2082197E0045A40C /* GoogleService-Info.plist */,
				04CEE5CE2068383900300107 /* Assets.xcassets */,
			);
			path = myVKApp;
			sourceTree = "<group>";
		};
		3D1AEF9DC0E1D6283BDDC5DD /* Frameworks */ = {
			isa = PBXGroup;
			children = (
				5FCF50A99A46AFA8D4241B66 /* Pods_myVKApp.framework */,
			);
			name = Frameworks;
			sourceTree = "<group>";
		};
		AF784B111E619CCF9EC40420 /* Pods */ = {
			isa = PBXGroup;
			children = (
				6485FB65E5A254A576B87BAF /* Pods-myVKApp.debug.xcconfig */,
				40B8995E02CBB95866C66069 /* Pods-myVKApp.release.xcconfig */,
			);
			name = Pods;
			sourceTree = "<group>";
		};
/* End PBXGroup section */

/* Begin PBXNativeTarget section */
		04D37E6620381B1100F958AF /* myVKApp */ = {
			isa = PBXNativeTarget;
			buildConfigurationList = 04D37E7920381B1100F958AF /* Build configuration list for PBXNativeTarget "myVKApp" */;
			buildPhases = (
				4BBDEE769CDB33783C3A3890 /* [CP] Check Pods Manifest.lock */,
				04D37E6320381B1100F958AF /* Sources */,
				04D37E6420381B1100F958AF /* Frameworks */,
				04D37E6520381B1100F958AF /* Resources */,
				9031A204106765C0084FE8DA /* [CP] Embed Pods Frameworks */,
				A3D2E05901FF3886D6B36E14 /* [CP] Copy Pods Resources */,
			);
			buildRules = (
			);
			dependencies = (
			);
			name = myVKApp;
			productName = iOSDevelopersCourse;
			productReference = 04D37E6720381B1100F958AF /* myVKApp.app */;
			productType = "com.apple.product-type.application";
		};
/* End PBXNativeTarget section */

/* Begin PBXProject section */
		04D37E5F20381B1100F958AF /* Project object */ = {
			isa = PBXProject;
			attributes = {
				LastSwiftUpdateCheck = 0920;
				LastUpgradeCheck = 0930;
				ORGANIZATIONNAME = "Natalya Shikhalyova";
				TargetAttributes = {
					04D37E6620381B1100F958AF = {
						CreatedOnToolsVersion = 9.2;
						ProvisioningStyle = Automatic;
					};
				};
			};
			buildConfigurationList = 04D37E6220381B1100F958AF /* Build configuration list for PBXProject "myVKApp" */;
			compatibilityVersion = "Xcode 8.0";
			developmentRegion = en;
			hasScannedForEncodings = 0;
			knownRegions = (
				en,
				Base,
			);
			mainGroup = 04D37E5E20381B1100F958AF;
			productRefGroup = 04D37E6820381B1100F958AF /* Products */;
			projectDirPath = "";
			projectRoot = "";
			targets = (
				04D37E6620381B1100F958AF /* myVKApp */,
			);
		};
/* End PBXProject section */

/* Begin PBXResourcesBuildPhase section */
		04D37E6520381B1100F958AF /* Resources */ = {
			isa = PBXResourcesBuildPhase;
			buildActionMask = 2147483647;
			files = (
				04A360C3207CCAAA00684090 /* NewsViewCell.xib in Resources */,
				04D37E7020381B1100F958AF /* Main.storyboard in Resources */,
				0413B22D2082197E0045A40C /* GoogleService-Info.plist in Resources */,
				04CEE5CF2068383A00300107 /* Assets.xcassets in Resources */,
				04EA44B6203C2F5E00074ACA /* Launch.storyboard in Resources */,
			);
			runOnlyForDeploymentPostprocessing = 0;
		};
/* End PBXResourcesBuildPhase section */

/* Begin PBXShellScriptBuildPhase section */
		4BBDEE769CDB33783C3A3890 /* [CP] Check Pods Manifest.lock */ = {
			isa = PBXShellScriptBuildPhase;
			buildActionMask = 2147483647;
			files = (
			);
			inputPaths = (
				"${PODS_PODFILE_DIR_PATH}/Podfile.lock",
				"${PODS_ROOT}/Manifest.lock",
			);
			name = "[CP] Check Pods Manifest.lock";
			outputPaths = (
				"$(DERIVED_FILE_DIR)/Pods-myVKApp-checkManifestLockResult.txt",
			);
			runOnlyForDeploymentPostprocessing = 0;
			shellPath = /bin/sh;
			shellScript = "diff \"${PODS_PODFILE_DIR_PATH}/Podfile.lock\" \"${PODS_ROOT}/Manifest.lock\" > /dev/null\nif [ $? != 0 ] ; then\n    # print error to STDERR\n    echo \"error: The sandbox is not in sync with the Podfile.lock. Run 'pod install' or update your CocoaPods installation.\" >&2\n    exit 1\nfi\n# This output is used by Xcode 'outputs' to avoid re-running this script phase.\necho \"SUCCESS\" > \"${SCRIPT_OUTPUT_FILE_0}\"\n";
			showEnvVarsInLog = 0;
		};
		9031A204106765C0084FE8DA /* [CP] Embed Pods Frameworks */ = {
			isa = PBXShellScriptBuildPhase;
			buildActionMask = 2147483647;
			files = (
			);
			inputPaths = (
				"${SRCROOT}/Pods/Target Support Files/Pods-myVKApp/Pods-myVKApp-frameworks.sh",
				"${BUILT_PRODUCTS_DIR}/Alamofire/Alamofire.framework",
				"${BUILT_PRODUCTS_DIR}/GTMSessionFetcher/GTMSessionFetcher.framework",
				"${BUILT_PRODUCTS_DIR}/GoogleToolboxForMac/GoogleToolboxForMac.framework",
				"${BUILT_PRODUCTS_DIR}/Realm/Realm.framework",
				"${BUILT_PRODUCTS_DIR}/RealmSwift/RealmSwift.framework",
				"${BUILT_PRODUCTS_DIR}/SwiftKeychainWrapper/SwiftKeychainWrapper.framework",
				"${BUILT_PRODUCTS_DIR}/SwiftyJSON/SwiftyJSON.framework",
				"${BUILT_PRODUCTS_DIR}/leveldb-library/leveldb.framework",
				"${BUILT_PRODUCTS_DIR}/nanopb/nanopb.framework",
			);
			name = "[CP] Embed Pods Frameworks";
			outputPaths = (
				"${TARGET_BUILD_DIR}/${FRAMEWORKS_FOLDER_PATH}/Alamofire.framework",
				"${TARGET_BUILD_DIR}/${FRAMEWORKS_FOLDER_PATH}/GTMSessionFetcher.framework",
				"${TARGET_BUILD_DIR}/${FRAMEWORKS_FOLDER_PATH}/GoogleToolboxForMac.framework",
				"${TARGET_BUILD_DIR}/${FRAMEWORKS_FOLDER_PATH}/Realm.framework",
				"${TARGET_BUILD_DIR}/${FRAMEWORKS_FOLDER_PATH}/RealmSwift.framework",
				"${TARGET_BUILD_DIR}/${FRAMEWORKS_FOLDER_PATH}/SwiftKeychainWrapper.framework",
				"${TARGET_BUILD_DIR}/${FRAMEWORKS_FOLDER_PATH}/SwiftyJSON.framework",
				"${TARGET_BUILD_DIR}/${FRAMEWORKS_FOLDER_PATH}/leveldb.framework",
				"${TARGET_BUILD_DIR}/${FRAMEWORKS_FOLDER_PATH}/nanopb.framework",
			);
			runOnlyForDeploymentPostprocessing = 0;
			shellPath = /bin/sh;
			shellScript = "\"${SRCROOT}/Pods/Target Support Files/Pods-myVKApp/Pods-myVKApp-frameworks.sh\"\n";
			showEnvVarsInLog = 0;
		};
		A3D2E05901FF3886D6B36E14 /* [CP] Copy Pods Resources */ = {
			isa = PBXShellScriptBuildPhase;
			buildActionMask = 2147483647;
			files = (
			);
			inputPaths = (
			);
			name = "[CP] Copy Pods Resources";
			outputPaths = (
			);
			runOnlyForDeploymentPostprocessing = 0;
			shellPath = /bin/sh;
			shellScript = "\"${SRCROOT}/Pods/Target Support Files/Pods-myVKApp/Pods-myVKApp-resources.sh\"\n";
			showEnvVarsInLog = 0;
		};
/* End PBXShellScriptBuildPhase section */

/* Begin PBXSourcesBuildPhase section */
		04D37E6320381B1100F958AF /* Sources */ = {
			isa = PBXSourcesBuildPhase;
			buildActionMask = 2147483647;
			files = (
				0465C99C20A85F4500F9BB51 /* NewPostVC.swift in Sources */,
				04EB90B9207131E1001D95E6 /* ExtFormatter.swift in Sources */,
				0410DB182064428600FB3F4F /* RealmUserSaver.swift in Sources */,
				0473636220775D8000873B09 /* TableCellReloading.swift in Sources */,
				04D37E6B20381B1100F958AF /* AppDelegate.swift in Sources */,
				049CEBA72051E3D5007ED7C2 /* GroupModel.swift in Sources */,
				04A360C2207CCAAA00684090 /* NewsViewCell.swift in Sources */,
				0416316820415F7F00446639 /* MyFriendCollectionVC.swift in Sources */,
				04D21947204AA716001E5B26 /* LoginWebVC.swift in Sources */,
				0416317C204213AA00446639 /* SettingsViewCell.swift in Sources */,
				04EB90B5206E891D001D95E6 /* UserRequests.swift in Sources */,
				0445CD6C2052656900D48551 /* LogOutRequest.swift in Sources */,
				0416316E204201B800446639 /* MyGroupsViewCell.swift in Sources */,
				0416316420415E5000446639 /* MyFriendsViewCell.swift in Sources */,
				04886BD42063AFB300236E08 /* RealmDeleter.swift in Sources */,
				04A360D6207F731700684090 /* IncomingMsgViewCell.swift in Sources */,
				0462E5F12067ADC900E0038C /* MessagesTableVC.swift in Sources */,
				0462E5E32067968E00E0038C /* NewsModel.swift in Sources */,
				0473634E2073C7B600873B09 /* GetCashedImageOperation.swift in Sources */,
				04560A962088ABD500AC9074 /* MessageAttachmentsModel.swift in Sources */,
				04CEE5D5206AD18100300107 /* NewsAttachmentsModel.swift in Sources */,
				041631772042109300446639 /* Helpers.swift in Sources */,
				0416316C2042016500446639 /* MyGroupsTableVC.swift in Sources */,
				046DE624205D967200FEF668 /* UserModel.swift in Sources */,
				04D2194B204B0AF6001E5B26 /* GroupsRequests.swift in Sources */,
				048714DA2066CF8C003405B4 /* ExtUIImage.swift in Sources */,
				04CEE5D9206BF56D00300107 /* RealmDialogsSaver.swift in Sources */,
				04D37E7D2038445C00F958AF /* LoginVC.swift in Sources */,
				048714D62066BCB5003405B4 /* NewsTableVC.swift in Sources */,
				0416316A20415FF600446639 /* MyFriendCollectionViewCell.swift in Sources */,
				047363642077625000873B09 /* CollectionCellReloading.swift in Sources */,
				04EB90BB20713252001D95E6 /* ExtInt.swift in Sources */,
				04CEE5D7206AE96A00300107 /* RealmNewsAttachSaver.swift in Sources */,
				04EB90BF20714A42001D95E6 /* MessageModel.swift in Sources */,
				0462E5EF20679ABF00E0038C /* DialogsViewCell.swift in Sources */,
				0410DB162064420E00FB3F4F /* RealmGroupsSaver.swift in Sources */,
				0462E5E7206796FB00E0038C /* NewsRequests.swift in Sources */,
				0462E5E92067973100E0038C /* DialogsRequests.swift in Sources */,
				04163170204202F100446639 /* AllGroupsTableVC.swift in Sources */,
				04163175204203E400446639 /* AllGroupsViewCell.swift in Sources */,
				04A360C7207F44E500684090 /* Layers.swift in Sources */,
				04EB90BD207139C2001D95E6 /* ExtDate.swift in Sources */,
				0416317A2042133500446639 /* SettingsTableVC.swift in Sources */,
				0462E5EB2067975F00E0038C /* RealmNewsSaver.swift in Sources */,
				04A360DC207F7A1000684090 /* Protocols.swift in Sources */,
				04D21945204A8DF3001E5B26 /* AuthorizationRequest.swift in Sources */,
				04D19B2D2060F1C700E1CADE /* RealmFriendsSaver.swift in Sources */,
				0462E5ED20679A1300E0038C /* DialogsTableVC.swift in Sources */,
				0490992020580A05009C784A /* FriendsRequests.swift in Sources */,
				0465C9A220A89E0700F9BB51 /* MapVC.swift in Sources */,
				0462E5E5206796CD00E0038C /* DialogModel.swift in Sources */,
				04EB90B7206EB103001D95E6 /* RealmRequests.swift in Sources */,
				04CEE5D120692AA600300107 /* OutcomingMsgViewCell.swift in Sources */,
				04D19B2F2060FC9B00E1CADE /* RealmLoader.swift in Sources */,
				049CEBA32051AF28007ED7C2 /* FriendModel.swift in Sources */,
				049CEBA52051D558007ED7C2 /* PhotosModel.swift in Sources */,
				0416316620415EDE00446639 /* MyFriendsTableVC.swift in Sources */,
			);
			runOnlyForDeploymentPostprocessing = 0;
		};
/* End PBXSourcesBuildPhase section */

/* Begin PBXVariantGroup section */
		04D37E6E20381B1100F958AF /* Main.storyboard */ = {
			isa = PBXVariantGroup;
			children = (
				04D37E6F20381B1100F958AF /* Base */,
			);
			name = Main.storyboard;
			sourceTree = "<group>";
		};
/* End PBXVariantGroup section */

/* Begin XCBuildConfiguration section */
		04D37E7720381B1100F958AF /* Debug */ = {
			isa = XCBuildConfiguration;
			buildSettings = {
				ALWAYS_SEARCH_USER_PATHS = NO;
				CLANG_ANALYZER_NONNULL = YES;
				CLANG_ANALYZER_NUMBER_OBJECT_CONVERSION = YES_AGGRESSIVE;
				CLANG_CXX_LANGUAGE_STANDARD = "gnu++14";
				CLANG_CXX_LIBRARY = "libc++";
				CLANG_ENABLE_MODULES = YES;
				CLANG_ENABLE_OBJC_ARC = YES;
				CLANG_WARN_BLOCK_CAPTURE_AUTORELEASING = YES;
				CLANG_WARN_BOOL_CONVERSION = YES;
				CLANG_WARN_COMMA = YES;
				CLANG_WARN_CONSTANT_CONVERSION = YES;
				CLANG_WARN_DEPRECATED_OBJC_IMPLEMENTATIONS = YES;
				CLANG_WARN_DIRECT_OBJC_ISA_USAGE = YES_ERROR;
				CLANG_WARN_DOCUMENTATION_COMMENTS = YES;
				CLANG_WARN_EMPTY_BODY = YES;
				CLANG_WARN_ENUM_CONVERSION = YES;
				CLANG_WARN_INFINITE_RECURSION = YES;
				CLANG_WARN_INT_CONVERSION = YES;
				CLANG_WARN_NON_LITERAL_NULL_CONVERSION = YES;
				CLANG_WARN_OBJC_IMPLICIT_RETAIN_SELF = YES;
				CLANG_WARN_OBJC_LITERAL_CONVERSION = YES;
				CLANG_WARN_OBJC_ROOT_CLASS = YES_ERROR;
				CLANG_WARN_RANGE_LOOP_ANALYSIS = YES;
				CLANG_WARN_STRICT_PROTOTYPES = YES;
				CLANG_WARN_SUSPICIOUS_MOVE = YES;
				CLANG_WARN_UNGUARDED_AVAILABILITY = YES_AGGRESSIVE;
				CLANG_WARN_UNREACHABLE_CODE = YES;
				CLANG_WARN__DUPLICATE_METHOD_MATCH = YES;
				CODE_SIGN_IDENTITY = "iPhone Developer";
				COPY_PHASE_STRIP = NO;
				DEBUG_INFORMATION_FORMAT = dwarf;
				ENABLE_STRICT_OBJC_MSGSEND = YES;
				ENABLE_TESTABILITY = YES;
				GCC_C_LANGUAGE_STANDARD = gnu11;
				GCC_DYNAMIC_NO_PIC = NO;
				GCC_NO_COMMON_BLOCKS = YES;
				GCC_OPTIMIZATION_LEVEL = 0;
				GCC_PREPROCESSOR_DEFINITIONS = (
					"DEBUG=1",
					"$(inherited)",
				);
				GCC_WARN_64_TO_32_BIT_CONVERSION = YES;
				GCC_WARN_ABOUT_RETURN_TYPE = YES_ERROR;
				GCC_WARN_UNDECLARED_SELECTOR = YES;
				GCC_WARN_UNINITIALIZED_AUTOS = YES_AGGRESSIVE;
				GCC_WARN_UNUSED_FUNCTION = YES;
				GCC_WARN_UNUSED_VARIABLE = YES;
				IPHONEOS_DEPLOYMENT_TARGET = 11.2;
				MTL_ENABLE_DEBUG_INFO = YES;
				ONLY_ACTIVE_ARCH = YES;
				SDKROOT = iphoneos;
				SWIFT_ACTIVE_COMPILATION_CONDITIONS = DEBUG;
				SWIFT_OPTIMIZATION_LEVEL = "-Onone";
			};
			name = Debug;
		};
		04D37E7820381B1100F958AF /* Release */ = {
			isa = XCBuildConfiguration;
			buildSettings = {
				ALWAYS_SEARCH_USER_PATHS = NO;
				CLANG_ANALYZER_NONNULL = YES;
				CLANG_ANALYZER_NUMBER_OBJECT_CONVERSION = YES_AGGRESSIVE;
				CLANG_CXX_LANGUAGE_STANDARD = "gnu++14";
				CLANG_CXX_LIBRARY = "libc++";
				CLANG_ENABLE_MODULES = YES;
				CLANG_ENABLE_OBJC_ARC = YES;
				CLANG_WARN_BLOCK_CAPTURE_AUTORELEASING = YES;
				CLANG_WARN_BOOL_CONVERSION = YES;
				CLANG_WARN_COMMA = YES;
				CLANG_WARN_CONSTANT_CONVERSION = YES;
				CLANG_WARN_DEPRECATED_OBJC_IMPLEMENTATIONS = YES;
				CLANG_WARN_DIRECT_OBJC_ISA_USAGE = YES_ERROR;
				CLANG_WARN_DOCUMENTATION_COMMENTS = YES;
				CLANG_WARN_EMPTY_BODY = YES;
				CLANG_WARN_ENUM_CONVERSION = YES;
				CLANG_WARN_INFINITE_RECURSION = YES;
				CLANG_WARN_INT_CONVERSION = YES;
				CLANG_WARN_NON_LITERAL_NULL_CONVERSION = YES;
				CLANG_WARN_OBJC_IMPLICIT_RETAIN_SELF = YES;
				CLANG_WARN_OBJC_LITERAL_CONVERSION = YES;
				CLANG_WARN_OBJC_ROOT_CLASS = YES_ERROR;
				CLANG_WARN_RANGE_LOOP_ANALYSIS = YES;
				CLANG_WARN_STRICT_PROTOTYPES = YES;
				CLANG_WARN_SUSPICIOUS_MOVE = YES;
				CLANG_WARN_UNGUARDED_AVAILABILITY = YES_AGGRESSIVE;
				CLANG_WARN_UNREACHABLE_CODE = YES;
				CLANG_WARN__DUPLICATE_METHOD_MATCH = YES;
				CODE_SIGN_IDENTITY = "iPhone Developer";
				COPY_PHASE_STRIP = NO;
				DEBUG_INFORMATION_FORMAT = "dwarf-with-dsym";
				ENABLE_NS_ASSERTIONS = NO;
				ENABLE_STRICT_OBJC_MSGSEND = YES;
				GCC_C_LANGUAGE_STANDARD = gnu11;
				GCC_NO_COMMON_BLOCKS = YES;
				GCC_WARN_64_TO_32_BIT_CONVERSION = YES;
				GCC_WARN_ABOUT_RETURN_TYPE = YES_ERROR;
				GCC_WARN_UNDECLARED_SELECTOR = YES;
				GCC_WARN_UNINITIALIZED_AUTOS = YES_AGGRESSIVE;
				GCC_WARN_UNUSED_FUNCTION = YES;
				GCC_WARN_UNUSED_VARIABLE = YES;
				IPHONEOS_DEPLOYMENT_TARGET = 11.2;
				MTL_ENABLE_DEBUG_INFO = NO;
				SDKROOT = iphoneos;
				SWIFT_OPTIMIZATION_LEVEL = "-Owholemodule";
				VALIDATE_PRODUCT = YES;
			};
			name = Release;
		};
		04D37E7A20381B1100F958AF /* Debug */ = {
			isa = XCBuildConfiguration;
			baseConfigurationReference = 6485FB65E5A254A576B87BAF /* Pods-myVKApp.debug.xcconfig */;
			buildSettings = {
				ASSETCATALOG_COMPILER_APPICON_NAME = AppIcon;
				CODE_SIGN_STYLE = Automatic;
				DEVELOPMENT_TEAM = G4SYRYWB23;
				INFOPLIST_FILE = "$(SRCROOT)/myVKApp/Info.plist";
				IPHONEOS_DEPLOYMENT_TARGET = 11.0;
				LD_RUNPATH_SEARCH_PATHS = "$(inherited) @executable_path/Frameworks";
				PRODUCT_BUNDLE_IDENTIFIER = "na-shi.myVKApp";
				PRODUCT_NAME = "$(TARGET_NAME)";
				SWIFT_VERSION = 4.0;
				TARGETED_DEVICE_FAMILY = "1,2";
			};
			name = Debug;
		};
		04D37E7B20381B1100F958AF /* Release */ = {
			isa = XCBuildConfiguration;
			baseConfigurationReference = 40B8995E02CBB95866C66069 /* Pods-myVKApp.release.xcconfig */;
			buildSettings = {
				ASSETCATALOG_COMPILER_APPICON_NAME = AppIcon;
				CODE_SIGN_STYLE = Automatic;
				DEVELOPMENT_TEAM = G4SYRYWB23;
				INFOPLIST_FILE = "$(SRCROOT)/myVKApp/Info.plist";
				IPHONEOS_DEPLOYMENT_TARGET = 11.0;
				LD_RUNPATH_SEARCH_PATHS = "$(inherited) @executable_path/Frameworks";
				PRODUCT_BUNDLE_IDENTIFIER = "na-shi.myVKApp";
				PRODUCT_NAME = "$(TARGET_NAME)";
				SWIFT_VERSION = 4.0;
				TARGETED_DEVICE_FAMILY = "1,2";
			};
			name = Release;
		};
/* End XCBuildConfiguration section */

/* Begin XCConfigurationList section */
		04D37E6220381B1100F958AF /* Build configuration list for PBXProject "myVKApp" */ = {
			isa = XCConfigurationList;
			buildConfigurations = (
				04D37E7720381B1100F958AF /* Debug */,
				04D37E7820381B1100F958AF /* Release */,
			);
			defaultConfigurationIsVisible = 0;
			defaultConfigurationName = Release;
		};
		04D37E7920381B1100F958AF /* Build configuration list for PBXNativeTarget "myVKApp" */ = {
			isa = XCConfigurationList;
			buildConfigurations = (
				04D37E7A20381B1100F958AF /* Debug */,
				04D37E7B20381B1100F958AF /* Release */,
			);
			defaultConfigurationIsVisible = 0;
			defaultConfigurationName = Release;
		};
/* End XCConfigurationList section */
	};
	rootObject = 04D37E5F20381B1100F958AF /* Project object */;
}
